
Microsoft Visual Studio Solution File, Format Version 12.00
# Visual Studio Version 17
VisualStudioVersion = 17.4.33213.308
MinimumVisualStudioVersion = 10.0.40219.1
Project("{FAE04EC0-301F-11D3-BF4B-00C04F79EFBC}") = "KhumbulaMultipleChoiceBuilder", "KhumbulaMultipleChoiceBuilder\KhumbulaMultipleChoiceBuilder.csproj", "{BE1FD875-5E89-49EC-AA49-7EDB1C6D985F}"
EndProject
Global
	GlobalSection(SolutionConfigurationPlatforms) = preSolution
		Debug|Any CPU = Debug|Any CPU
		Release|Any CPU = Release|Any CPU
	EndGlobalSection
	GlobalSection(ProjectConfigurationPlatforms) = postSolution
		{BE1FD875-5E89-49EC-AA49-7EDB1C6D985F}.Debug|Any CPU.ActiveCfg = Debug|Any CPU
		{BE1FD875-5E89-49EC-AA49-7EDB1C6D985F}.Debug|Any CPU.Build.0 = Debug|Any CPU
		{BE1FD875-5E89-49EC-AA49-7EDB1C6D985F}.Release|Any CPU.ActiveCfg = Release|Any CPU
		{BE1FD875-5E89-49EC-AA49-7EDB1C6D985F}.Release|Any CPU.Build.0 = Release|Any CPU
	EndGlobalSection
	GlobalSection(SolutionProperties) = preSolution
		HideSolutionNode = FALSE
	EndGlobalSection
	GlobalSection(ExtensibilityGlobals) = postSolution
		SolutionGuid = {43DA38E9-3CF5-4D0E-9C7F-49DA363847BC}
	EndGlobalSection
EndGlobal
